
Microsoft Visual Studio Solution File, Format Version 12.00
# Visual Studio 15
VisualStudioVersion = 15.0.28010.2050
MinimumVisualStudioVersion = 10.0.40219.1
Project("{FAE04EC0-301F-11D3-BF4B-00C04F79EFBC}") = "SpaApplication", "SpaApplication\SpaApplication.csproj", "{EEBEBA16-5FDE-48AC-85AF-BC477A99289A}"
EndProject
Global
	GlobalSection(SolutionConfigurationPlatforms) = preSolution
		Debug|Any CPU = Debug|Any CPU
		Release|Any CPU = Release|Any CPU
	EndGlobalSection
	GlobalSection(ProjectConfigurationPlatforms) = postSolution
		{EEBEBA16-5FDE-48AC-85AF-BC477A99289A}.Debug|Any CPU.ActiveCfg = Debug|Any CPU
		{EEBEBA16-5FDE-48AC-85AF-BC477A99289A}.Debug|Any CPU.Build.0 = Debug|Any CPU
		{EEBEBA16-5FDE-48AC-85AF-BC477A99289A}.Release|Any CPU.ActiveCfg = Release|Any CPU
		{EEBEBA16-5FDE-48AC-85AF-BC477A99289A}.Release|Any CPU.Build.0 = Release|Any CPU
	EndGlobalSection
	GlobalSection(SolutionProperties) = preSolution
		HideSolutionNode = FALSE
	EndGlobalSection
	GlobalSection(ExtensibilityGlobals) = postSolution
		SolutionGuid = {AA49F5D2-481F-4F6A-9335-8502605D30A3}
	EndGlobalSection
EndGlobal
